// !$*UTF8*$!
{
	archiveVersion = 1;
	classes = {
	};
	objectVersion = 46;
	objects = {

/* Begin PBXBuildFile section */
		F32997511F04EFF100AAE111 /* main.m in Sources */ = {isa = PBXBuildFile; fileRef = F32997501F04EFF100AAE111 /* main.m */; };
		F32997541F04EFF100AAE111 /* AppDelegate.m in Sources */ = {isa = PBXBuildFile; fileRef = F32997531F04EFF100AAE111 /* AppDelegate.m */; };
		F32997571F04EFF100AAE111 /* ViewController.m in Sources */ = {isa = PBXBuildFile; fileRef = F32997561F04EFF100AAE111 /* ViewController.m */; };
		F329975A1F04EFF100AAE111 /* Main.storyboard in Resources */ = {isa = PBXBuildFile; fileRef = F32997581F04EFF100AAE111 /* Main.storyboard */; };
		F329975C1F04EFF100AAE111 /* Assets.xcassets in Resources */ = {isa = PBXBuildFile; fileRef = F329975B1F04EFF100AAE111 /* Assets.xcassets */; };
		F329975F1F04EFF100AAE111 /* LaunchScreen.storyboard in Resources */ = {isa = PBXBuildFile; fileRef = F329975D1F04EFF100AAE111 /* LaunchScreen.storyboard */; };
		F329976A1F04EFF100AAE111 /* CarthageSupportTests.m in Sources */ = {isa = PBXBuildFile; fileRef = F32997691F04EFF100AAE111 /* CarthageSupportTests.m */; };
		F32997751F04EFF100AAE111 /* CarthageSupportUITests.m in Sources */ = {isa = PBXBuildFile; fileRef = F32997741F04EFF100AAE111 /* CarthageSupportUITests.m */; };
		F32997861F04F03C00AAE111 /* JKView.m in Sources */ = {isa = PBXBuildFile; fileRef = F32997851F04F03C00AAE111 /* JKView.m */; };
		F32997891F04F0AF00AAE111 /* JKViewController.m in Sources */ = {isa = PBXBuildFile; fileRef = F32997881F04F0AF00AAE111 /* JKViewController.m */; };
		F329979C1F04F27300AAE111 /* JKViewFrame.framework in Frameworks */ = {isa = PBXBuildFile; fileRef = F32997931F04F27300AAE111 /* JKViewFrame.framework */; };
		F32997A31F04F27300AAE111 /* JKViewFrameFrameworkTests.m in Sources */ = {isa = PBXBuildFile; fileRef = F32997A21F04F27300AAE111 /* JKViewFrameFrameworkTests.m */; };
		F32997A81F04F27300AAE111 /* JKViewFrame.framework in Frameworks */ = {isa = PBXBuildFile; fileRef = F32997931F04F27300AAE111 /* JKViewFrame.framework */; };
		F32997A91F04F27300AAE111 /* JKViewFrame.framework in Embed Frameworks */ = {isa = PBXBuildFile; fileRef = F32997931F04F27300AAE111 /* JKViewFrame.framework */; settings = {ATTRIBUTES = (CodeSignOnCopy, RemoveHeadersOnCopy, ); }; };
		F32997B11F04F29900AAE111 /* JKView.m in Sources */ = {isa = PBXBuildFile; fileRef = F32997851F04F03C00AAE111 /* JKView.m */; };
		F32997B21F04F29C00AAE111 /* JKViewController.m in Sources */ = {isa = PBXBuildFile; fileRef = F32997881F04F0AF00AAE111 /* JKViewController.m */; };
		F32997B31F04F2AB00AAE111 /* JKView.h in Headers */ = {isa = PBXBuildFile; fileRef = F32997841F04F03C00AAE111 /* JKView.h */; settings = {ATTRIBUTES = (Public, ); }; };
		F32997B41F04F2BC00AAE111 /* JKViewFrame.h in Headers */ = {isa = PBXBuildFile; fileRef = F329978D1F04F1EB00AAE111 /* JKViewFrame.h */; settings = {ATTRIBUTES = (Public, ); }; };
		F343F84C1F04F9E500ED539F /* JKViewController.h in Headers */ = {isa = PBXBuildFile; fileRef = F32997871F04F0AF00AAE111 /* JKViewController.h */; settings = {ATTRIBUTES = (Public, ); }; };
/* End PBXBuildFile section */

/* Begin PBXContainerItemProxy section */
		F32997661F04EFF100AAE111 /* PBXContainerItemProxy */ = {
			isa = PBXContainerItemProxy;
			containerPortal = F32997441F04EFF100AAE111 /* Project object */;
			proxyType = 1;
			remoteGlobalIDString = F329974B1F04EFF100AAE111;
			remoteInfo = CarthageSupport;
		};
		F32997711F04EFF100AAE111 /* PBXContainerItemProxy */ = {
			isa = PBXContainerItemProxy;
			containerPortal = F32997441F04EFF100AAE111 /* Project object */;
			proxyType = 1;
			remoteGlobalIDString = F329974B1F04EFF100AAE111;
			remoteInfo = CarthageSupport;
		};
		F329979D1F04F27300AAE111 /* PBXContainerItemProxy */ = {
			isa = PBXContainerItemProxy;
			containerPortal = F32997441F04EFF100AAE111 /* Project object */;
			proxyType = 1;
			remoteGlobalIDString = F32997921F04F27300AAE111;
			remoteInfo = JKViewFrameFramework;
		};
		F329979F1F04F27300AAE111 /* PBXContainerItemProxy */ = {
			isa = PBXContainerItemProxy;
			containerPortal = F32997441F04EFF100AAE111 /* Project object */;
			proxyType = 1;
			remoteGlobalIDString = F329974B1F04EFF100AAE111;
			remoteInfo = CarthageSupport;
		};
		F32997A61F04F27300AAE111 /* PBXContainerItemProxy */ = {
			isa = PBXContainerItemProxy;
			containerPortal = F32997441F04EFF100AAE111 /* Project object */;
			proxyType = 1;
			remoteGlobalIDString = F32997921F04F27300AAE111;
			remoteInfo = JKViewFrameFramework;
		};
/* End PBXContainerItemProxy section */

/* Begin PBXCopyFilesBuildPhase section */
		F32997AD1F04F27300AAE111 /* Embed Frameworks */ = {
			isa = PBXCopyFilesBuildPhase;
			buildActionMask = 2147483647;
			dstPath = "";
			dstSubfolderSpec = 10;
			files = (
				F32997A91F04F27300AAE111 /* JKViewFrame.framework in Embed Frameworks */,
			);
			name = "Embed Frameworks";
			runOnlyForDeploymentPostprocessing = 0;
		};
/* End PBXCopyFilesBuildPhase section */

/* Begin PBXFileReference section */
		F329974C1F04EFF100AAE111 /* CarthageSupport.app */ = {isa = PBXFileReference; explicitFileType = wrapper.application; includeInIndex = 0; path = CarthageSupport.app; sourceTree = BUILT_PRODUCTS_DIR; };
		F32997501F04EFF100AAE111 /* main.m */ = {isa = PBXFileReference; lastKnownFileType = sourcecode.c.objc; path = main.m; sourceTree = "<group>"; };
		F32997521F04EFF100AAE111 /* AppDelegate.h */ = {isa = PBXFileReference; lastKnownFileType = sourcecode.c.h; path = AppDelegate.h; sourceTree = "<group>"; };
		F32997531F04EFF100AAE111 /* AppDelegate.m */ = {isa = PBXFileReference; lastKnownFileType = sourcecode.c.objc; path = AppDelegate.m; sourceTree = "<group>"; };
		F32997551F04EFF100AAE111 /* ViewController.h */ = {isa = PBXFileReference; lastKnownFileType = sourcecode.c.h; path = ViewController.h; sourceTree = "<group>"; };
		F32997561F04EFF100AAE111 /* ViewController.m */ = {isa = PBXFileReference; lastKnownFileType = sourcecode.c.objc; path = ViewController.m; sourceTree = "<group>"; };
		F32997591F04EFF100AAE111 /* Base */ = {isa = PBXFileReference; lastKnownFileType = file.storyboard; name = Base; path = Base.lproj/Main.storyboard; sourceTree = "<group>"; };
		F329975B1F04EFF100AAE111 /* Assets.xcassets */ = {isa = PBXFileReference; lastKnownFileType = folder.assetcatalog; path = Assets.xcassets; sourceTree = "<group>"; };
		F329975E1F04EFF100AAE111 /* Base */ = {isa = PBXFileReference; lastKnownFileType = file.storyboard; name = Base; path = Base.lproj/LaunchScreen.storyboard; sourceTree = "<group>"; };
		F32997601F04EFF100AAE111 /* Info.plist */ = {isa = PBXFileReference; lastKnownFileType = text.plist.xml; path = Info.plist; sourceTree = "<group>"; };
		F32997651F04EFF100AAE111 /* CarthageSupportTests.xctest */ = {isa = PBXFileReference; explicitFileType = wrapper.cfbundle; includeInIndex = 0; path = CarthageSupportTests.xctest; sourceTree = BUILT_PRODUCTS_DIR; };
		F32997691F04EFF100AAE111 /* CarthageSupportTests.m */ = {isa = PBXFileReference; lastKnownFileType = sourcecode.c.objc; path = CarthageSupportTests.m; sourceTree = "<group>"; };
		F329976B1F04EFF100AAE111 /* Info.plist */ = {isa = PBXFileReference; lastKnownFileType = text.plist.xml; path = Info.plist; sourceTree = "<group>"; };
		F32997701F04EFF100AAE111 /* CarthageSupportUITests.xctest */ = {isa = PBXFileReference; explicitFileType = wrapper.cfbundle; includeInIndex = 0; path = CarthageSupportUITests.xctest; sourceTree = BUILT_PRODUCTS_DIR; };
		F32997741F04EFF100AAE111 /* CarthageSupportUITests.m */ = {isa = PBXFileReference; lastKnownFileType = sourcecode.c.objc; path = CarthageSupportUITests.m; sourceTree = "<group>"; };
		F32997761F04EFF100AAE111 /* Info.plist */ = {isa = PBXFileReference; lastKnownFileType = text.plist.xml; path = Info.plist; sourceTree = "<group>"; };
		F32997841F04F03C00AAE111 /* JKView.h */ = {isa = PBXFileReference; fileEncoding = 4; lastKnownFileType = sourcecode.c.h; path = JKView.h; sourceTree = "<group>"; };
		F32997851F04F03C00AAE111 /* JKView.m */ = {isa = PBXFileReference; fileEncoding = 4; lastKnownFileType = sourcecode.c.objc; path = JKView.m; sourceTree = "<group>"; };
		F32997871F04F0AF00AAE111 /* JKViewController.h */ = {isa = PBXFileReference; fileEncoding = 4; lastKnownFileType = sourcecode.c.h; path = JKViewController.h; sourceTree = "<group>"; };
		F32997881F04F0AF00AAE111 /* JKViewController.m */ = {isa = PBXFileReference; fileEncoding = 4; lastKnownFileType = sourcecode.c.objc; path = JKViewController.m; sourceTree = "<group>"; };
		F329978D1F04F1EB00AAE111 /* JKViewFrame.h */ = {isa = PBXFileReference; lastKnownFileType = sourcecode.c.h; path = JKViewFrame.h; sourceTree = "<group>"; };
		F32997931F04F27300AAE111 /* JKViewFrame.framework */ = {isa = PBXFileReference; explicitFileType = wrapper.framework; includeInIndex = 0; path = JKViewFrame.framework; sourceTree = BUILT_PRODUCTS_DIR; };
		F32997951F04F27300AAE111 /* JKViewFrameFramework.h */ = {isa = PBXFileReference; lastKnownFileType = sourcecode.c.h; path = JKViewFrameFramework.h; sourceTree = "<group>"; };
		F32997961F04F27300AAE111 /* Info.plist */ = {isa = PBXFileReference; lastKnownFileType = text.plist.xml; path = Info.plist; sourceTree = "<group>"; };
		F329979B1F04F27300AAE111 /* JKViewFrameFrameworkTests.xctest */ = {isa = PBXFileReference; explicitFileType = wrapper.cfbundle; includeInIndex = 0; path = JKViewFrameFrameworkTests.xctest; sourceTree = BUILT_PRODUCTS_DIR; };
		F32997A21F04F27300AAE111 /* JKViewFrameFrameworkTests.m */ = {isa = PBXFileReference; lastKnownFileType = sourcecode.c.objc; path = JKViewFrameFrameworkTests.m; sourceTree = "<group>"; };
		F32997A41F04F27300AAE111 /* Info.plist */ = {isa = PBXFileReference; lastKnownFileType = text.plist.xml; path = Info.plist; sourceTree = "<group>"; };
/* End PBXFileReference section */

/* Begin PBXFrameworksBuildPhase section */
		F32997491F04EFF100AAE111 /* Frameworks */ = {
			isa = PBXFrameworksBuildPhase;
			buildActionMask = 2147483647;
			files = (
				F32997A81F04F27300AAE111 /* JKViewFrame.framework in Frameworks */,
			);
			runOnlyForDeploymentPostprocessing = 0;
		};
		F32997621F04EFF100AAE111 /* Frameworks */ = {
			isa = PBXFrameworksBuildPhase;
			buildActionMask = 2147483647;
			files = (
			);
			runOnlyForDeploymentPostprocessing = 0;
		};
		F329976D1F04EFF100AAE111 /* Frameworks */ = {
			isa = PBXFrameworksBuildPhase;
			buildActionMask = 2147483647;
			files = (
			);
			runOnlyForDeploymentPostprocessing = 0;
		};
		F329978F1F04F27300AAE111 /* Frameworks */ = {
			isa = PBXFrameworksBuildPhase;
			buildActionMask = 2147483647;
			files = (
			);
			runOnlyForDeploymentPostprocessing = 0;
		};
		F32997981F04F27300AAE111 /* Frameworks */ = {
			isa = PBXFrameworksBuildPhase;
			buildActionMask = 2147483647;
			files = (
				F329979C1F04F27300AAE111 /* JKViewFrame.framework in Frameworks */,
			);
			runOnlyForDeploymentPostprocessing = 0;
		};
/* End PBXFrameworksBuildPhase section */

/* Begin PBXGroup section */
		F32997431F04EFF100AAE111 = {
			isa = PBXGroup;
			children = (
				F329974E1F04EFF100AAE111 /* CarthageSupport */,
				F32997681F04EFF100AAE111 /* CarthageSupportTests */,
				F32997731F04EFF100AAE111 /* CarthageSupportUITests */,
				F32997941F04F27300AAE111 /* JKViewFrameFramework */,
				F32997A11F04F27300AAE111 /* JKViewFrameFrameworkTests */,
				F329974D1F04EFF100AAE111 /* Products */,
			);
			sourceTree = "<group>";
		};
		F329974D1F04EFF100AAE111 /* Products */ = {
			isa = PBXGroup;
			children = (
				F329974C1F04EFF100AAE111 /* CarthageSupport.app */,
				F32997651F04EFF100AAE111 /* CarthageSupportTests.xctest */,
				F32997701F04EFF100AAE111 /* CarthageSupportUITests.xctest */,
				F32997931F04F27300AAE111 /* JKViewFrame.framework */,
				F329979B1F04F27300AAE111 /* JKViewFrameFrameworkTests.xctest */,
			);
			name = Products;
			sourceTree = "<group>";
		};
		F329974E1F04EFF100AAE111 /* CarthageSupport */ = {
			isa = PBXGroup;
			children = (
				F32997831F04F01D00AAE111 /* JKViewFrame */,
				F32997521F04EFF100AAE111 /* AppDelegate.h */,
				F32997531F04EFF100AAE111 /* AppDelegate.m */,
				F32997551F04EFF100AAE111 /* ViewController.h */,
				F32997561F04EFF100AAE111 /* ViewController.m */,
				F32997581F04EFF100AAE111 /* Main.storyboard */,
				F329975B1F04EFF100AAE111 /* Assets.xcassets */,
				F329975D1F04EFF100AAE111 /* LaunchScreen.storyboard */,
				F32997601F04EFF100AAE111 /* Info.plist */,
				F329974F1F04EFF100AAE111 /* Supporting Files */,
			);
			path = CarthageSupport;
			sourceTree = "<group>";
		};
		F329974F1F04EFF100AAE111 /* Supporting Files */ = {
			isa = PBXGroup;
			children = (
				F32997501F04EFF100AAE111 /* main.m */,
			);
			name = "Supporting Files";
			sourceTree = "<group>";
		};
		F32997681F04EFF100AAE111 /* CarthageSupportTests */ = {
			isa = PBXGroup;
			children = (
				F32997691F04EFF100AAE111 /* CarthageSupportTests.m */,
				F329976B1F04EFF100AAE111 /* Info.plist */,
			);
			path = CarthageSupportTests;
			sourceTree = "<group>";
		};
		F32997731F04EFF100AAE111 /* CarthageSupportUITests */ = {
			isa = PBXGroup;
			children = (
				F32997741F04EFF100AAE111 /* CarthageSupportUITests.m */,
				F32997761F04EFF100AAE111 /* Info.plist */,
			);
			path = CarthageSupportUITests;
			sourceTree = "<group>";
		};
		F32997831F04F01D00AAE111 /* JKViewFrame */ = {
			isa = PBXGroup;
			children = (
				F329978D1F04F1EB00AAE111 /* JKViewFrame.h */,
				F32997841F04F03C00AAE111 /* JKView.h */,
				F32997851F04F03C00AAE111 /* JKView.m */,
				F32997871F04F0AF00AAE111 /* JKViewController.h */,
				F32997881F04F0AF00AAE111 /* JKViewController.m */,
			);
			path = JKViewFrame;
			sourceTree = "<group>";
		};
		F32997941F04F27300AAE111 /* JKViewFrameFramework */ = {
			isa = PBXGroup;
			children = (
				F32997951F04F27300AAE111 /* JKViewFrameFramework.h */,
				F32997961F04F27300AAE111 /* Info.plist */,
			);
			path = JKViewFrameFramework;
			sourceTree = "<group>";
		};
		F32997A11F04F27300AAE111 /* JKViewFrameFrameworkTests */ = {
			isa = PBXGroup;
			children = (
				F32997A21F04F27300AAE111 /* JKViewFrameFrameworkTests.m */,
				F32997A41F04F27300AAE111 /* Info.plist */,
			);
			path = JKViewFrameFrameworkTests;
			sourceTree = "<group>";
		};
/* End PBXGroup section */

/* Begin PBXHeadersBuildPhase section */
		F32997901F04F27300AAE111 /* Headers */ = {
			isa = PBXHeadersBuildPhase;
			buildActionMask = 2147483647;
			files = (
				F32997B41F04F2BC00AAE111 /* JKViewFrame.h in Headers */,
				F32997B31F04F2AB00AAE111 /* JKView.h in Headers */,
				F343F84C1F04F9E500ED539F /* JKViewController.h in Headers */,
			);
			runOnlyForDeploymentPostprocessing = 0;
		};
/* End PBXHeadersBuildPhase section */

/* Begin PBXNativeTarget section */
		F329974B1F04EFF100AAE111 /* CarthageSupport */ = {
			isa = PBXNativeTarget;
			buildConfigurationList = F32997791F04EFF100AAE111 /* Build configuration list for PBXNativeTarget "CarthageSupport" */;
			buildPhases = (
				F32997481F04EFF100AAE111 /* Sources */,
				F32997491F04EFF100AAE111 /* Frameworks */,
				F329974A1F04EFF100AAE111 /* Resources */,
				F32997AD1F04F27300AAE111 /* Embed Frameworks */,
			);
			buildRules = (
			);
			dependencies = (
				F32997A71F04F27300AAE111 /* PBXTargetDependency */,
			);
			name = CarthageSupport;
			productName = CarthageSupport;
			productReference = F329974C1F04EFF100AAE111 /* CarthageSupport.app */;
			productType = "com.apple.product-type.application";
		};
		F32997641F04EFF100AAE111 /* CarthageSupportTests */ = {
			isa = PBXNativeTarget;
			buildConfigurationList = F329977C1F04EFF100AAE111 /* Build configuration list for PBXNativeTarget "CarthageSupportTests" */;
			buildPhases = (
				F32997611F04EFF100AAE111 /* Sources */,
				F32997621F04EFF100AAE111 /* Frameworks */,
				F32997631F04EFF100AAE111 /* Resources */,
			);
			buildRules = (
			);
			dependencies = (
				F32997671F04EFF100AAE111 /* PBXTargetDependency */,
			);
			name = CarthageSupportTests;
			productName = CarthageSupportTests;
			productReference = F32997651F04EFF100AAE111 /* CarthageSupportTests.xctest */;
			productType = "com.apple.product-type.bundle.unit-test";
		};
		F329976F1F04EFF100AAE111 /* CarthageSupportUITests */ = {
			isa = PBXNativeTarget;
			buildConfigurationList = F329977F1F04EFF100AAE111 /* Build configuration list for PBXNativeTarget "CarthageSupportUITests" */;
			buildPhases = (
				F329976C1F04EFF100AAE111 /* Sources */,
				F329976D1F04EFF100AAE111 /* Frameworks */,
				F329976E1F04EFF100AAE111 /* Resources */,
			);
			buildRules = (
			);
			dependencies = (
				F32997721F04EFF100AAE111 /* PBXTargetDependency */,
			);
			name = CarthageSupportUITests;
			productName = CarthageSupportUITests;
			productReference = F32997701F04EFF100AAE111 /* CarthageSupportUITests.xctest */;
			productType = "com.apple.product-type.bundle.ui-testing";
		};
		F32997921F04F27300AAE111 /* JKViewFrameFramework */ = {
			isa = PBXNativeTarget;
			buildConfigurationList = F32997AA1F04F27300AAE111 /* Build configuration list for PBXNativeTarget "JKViewFrameFramework" */;
			buildPhases = (
				F329978E1F04F27300AAE111 /* Sources */,
				F329978F1F04F27300AAE111 /* Frameworks */,
				F32997901F04F27300AAE111 /* Headers */,
				F32997911F04F27300AAE111 /* Resources */,
			);
			buildRules = (
			);
			dependencies = (
			);
			name = JKViewFrameFramework;
			productName = JKViewFrameFramework;
			productReference = F32997931F04F27300AAE111 /* JKViewFrame.framework */;
			productType = "com.apple.product-type.framework";
		};
		F329979A1F04F27300AAE111 /* JKViewFrameFrameworkTests */ = {
			isa = PBXNativeTarget;
			buildConfigurationList = F32997AE1F04F27300AAE111 /* Build configuration list for PBXNativeTarget "JKViewFrameFrameworkTests" */;
			buildPhases = (
				F32997971F04F27300AAE111 /* Sources */,
				F32997981F04F27300AAE111 /* Frameworks */,
				F32997991F04F27300AAE111 /* Resources */,
			);
			buildRules = (
			);
			dependencies = (
				F329979E1F04F27300AAE111 /* PBXTargetDependency */,
				F32997A01F04F27300AAE111 /* PBXTargetDependency */,
			);
			name = JKViewFrameFrameworkTests;
			productName = JKViewFrameFrameworkTests;
			productReference = F329979B1F04F27300AAE111 /* JKViewFrameFrameworkTests.xctest */;
			productType = "com.apple.product-type.bundle.unit-test";
		};
/* End PBXNativeTarget section */

/* Begin PBXProject section */
		F32997441F04EFF100AAE111 /* Project object */ = {
			isa = PBXProject;
			attributes = {
				LastUpgradeCheck = 0830;
				ORGANIZATIONNAME = joker;
				TargetAttributes = {
					F329974B1F04EFF100AAE111 = {
						CreatedOnToolsVersion = 8.3.2;
						ProvisioningStyle = Automatic;
					};
					F32997641F04EFF100AAE111 = {
						CreatedOnToolsVersion = 8.3.2;
						ProvisioningStyle = Automatic;
						TestTargetID = F329974B1F04EFF100AAE111;
					};
					F329976F1F04EFF100AAE111 = {
						CreatedOnToolsVersion = 8.3.2;
						ProvisioningStyle = Automatic;
						TestTargetID = F329974B1F04EFF100AAE111;
					};
					F32997921F04F27300AAE111 = {
						CreatedOnToolsVersion = 8.3.2;
						ProvisioningStyle = Automatic;
					};
					F329979A1F04F27300AAE111 = {
						CreatedOnToolsVersion = 8.3.2;
						ProvisioningStyle = Automatic;
						TestTargetID = F329974B1F04EFF100AAE111;
					};
				};
			};
			buildConfigurationList = F32997471F04EFF100AAE111 /* Build configuration list for PBXProject "CarthageSupport" */;
			compatibilityVersion = "Xcode 3.2";
			developmentRegion = English;
			hasScannedForEncodings = 0;
			knownRegions = (
				en,
				Base,
			);
			mainGroup = F32997431F04EFF100AAE111;
			productRefGroup = F329974D1F04EFF100AAE111 /* Products */;
			projectDirPath = "";
			projectRoot = "";
			targets = (
				F329974B1F04EFF100AAE111 /* CarthageSupport */,
				F32997641F04EFF100AAE111 /* CarthageSupportTests */,
				F329976F1F04EFF100AAE111 /* CarthageSupportUITests */,
				F32997921F04F27300AAE111 /* JKViewFrameFramework */,
				F329979A1F04F27300AAE111 /* JKViewFrameFrameworkTests */,
			);
		};
/* End PBXProject section */

/* Begin PBXResourcesBuildPhase section */
		F329974A1F04EFF100AAE111 /* Resources */ = {
			isa = PBXResourcesBuildPhase;
			buildActionMask = 2147483647;
			files = (
				F329975F1F04EFF100AAE111 /* LaunchScreen.storyboard in Resources */,
				F329975C1F04EFF100AAE111 /* Assets.xcassets in Resources */,
				F329975A1F04EFF100AAE111 /* Main.storyboard in Resources */,
			);
			runOnlyForDeploymentPostprocessing = 0;
		};
		F32997631F04EFF100AAE111 /* Resources */ = {
			isa = PBXResourcesBuildPhase;
			buildActionMask = 2147483647;
			files = (
			);
			runOnlyForDeploymentPostprocessing = 0;
		};
		F329976E1F04EFF100AAE111 /* Resources */ = {
			isa = PBXResourcesBuildPhase;
			buildActionMask = 2147483647;
			files = (
			);
			runOnlyForDeploymentPostprocessing = 0;
		};
		F32997911F04F27300AAE111 /* Resources */ = {
			isa = PBXResourcesBuildPhase;
			buildActionMask = 2147483647;
			files = (
			);
			runOnlyForDeploymentPostprocessing = 0;
		};
		F32997991F04F27300AAE111 /* Resources */ = {
			isa = PBXResourcesBuildPhase;
			buildActionMask = 2147483647;
			files = (
			);
			runOnlyForDeploymentPostprocessing = 0;
		};
/* End PBXResourcesBuildPhase section */

/* Begin PBXSourcesBuildPhase section */
		F32997481F04EFF100AAE111 /* Sources */ = {
			isa = PBXSourcesBuildPhase;
			buildActionMask = 2147483647;
			files = (
				F32997571F04EFF100AAE111 /* ViewController.m in Sources */,
				F32997891F04F0AF00AAE111 /* JKViewController.m in Sources */,
				F32997541F04EFF100AAE111 /* AppDelegate.m in Sources */,
				F32997511F04EFF100AAE111 /* main.m in Sources */,
				F32997861F04F03C00AAE111 /* JKView.m in Sources */,
			);
			runOnlyForDeploymentPostprocessing = 0;
		};
		F32997611F04EFF100AAE111 /* Sources */ = {
			isa = PBXSourcesBuildPhase;
			buildActionMask = 2147483647;
			files = (
				F329976A1F04EFF100AAE111 /* CarthageSupportTests.m in Sources */,
			);
			runOnlyForDeploymentPostprocessing = 0;
		};
		F329976C1F04EFF100AAE111 /* Sources */ = {
			isa = PBXSourcesBuildPhase;
			buildActionMask = 2147483647;
			files = (
				F32997751F04EFF100AAE111 /* CarthageSupportUITests.m in Sources */,
			);
			runOnlyForDeploymentPostprocessing = 0;
		};
		F329978E1F04F27300AAE111 /* Sources */ = {
			isa = PBXSourcesBuildPhase;
			buildActionMask = 2147483647;
			files = (
				F32997B21F04F29C00AAE111 /* JKViewController.m in Sources */,
				F32997B11F04F29900AAE111 /* JKView.m in Sources */,
			);
			runOnlyForDeploymentPostprocessing = 0;
		};
		F32997971F04F27300AAE111 /* Sources */ = {
			isa = PBXSourcesBuildPhase;
			buildActionMask = 2147483647;
			files = (
				F32997A31F04F27300AAE111 /* JKViewFrameFrameworkTests.m in Sources */,
			);
			runOnlyForDeploymentPostprocessing = 0;
		};
/* End PBXSourcesBuildPhase section */

/* Begin PBXTargetDependency section */
		F32997671F04EFF100AAE111 /* PBXTargetDependency */ = {
			isa = PBXTargetDependency;
			target = F329974B1F04EFF100AAE111 /* CarthageSupport */;
			targetProxy = F32997661F04EFF100AAE111 /* PBXContainerItemProxy */;
		};
		F32997721F04EFF100AAE111 /* PBXTargetDependency */ = {
			isa = PBXTargetDependency;
			target = F329974B1F04EFF100AAE111 /* CarthageSupport */;
			targetProxy = F32997711F04EFF100AAE111 /* PBXContainerItemProxy */;
		};
		F329979E1F04F27300AAE111 /* PBXTargetDependency */ = {
			isa = PBXTargetDependency;
			target = F32997921F04F27300AAE111 /* JKViewFrameFramework */;
			targetProxy = F329979D1F04F27300AAE111 /* PBXContainerItemProxy */;
		};
		F32997A01F04F27300AAE111 /* PBXTargetDependency */ = {
			isa = PBXTargetDependency;
			target = F329974B1F04EFF100AAE111 /* CarthageSupport */;
			targetProxy = F329979F1F04F27300AAE111 /* PBXContainerItemProxy */;
		};
		F32997A71F04F27300AAE111 /* PBXTargetDependency */ = {
			isa = PBXTargetDependency;
			target = F32997921F04F27300AAE111 /* JKViewFrameFramework */;
			targetProxy = F32997A61F04F27300AAE111 /* PBXContainerItemProxy */;
		};
/* End PBXTargetDependency section */

/* Begin PBXVariantGroup section */
		F32997581F04EFF100AAE111 /* Main.storyboard */ = {
			isa = PBXVariantGroup;
			children = (
				F32997591F04EFF100AAE111 /* Base */,
			);
			name = Main.storyboard;
			sourceTree = "<group>";
		};
		F329975D1F04EFF100AAE111 /* LaunchScreen.storyboard */ = {
			isa = PBXVariantGroup;
			children = (
				F329975E1F04EFF100AAE111 /* Base */,
			);
			name = LaunchScreen.storyboard;
			sourceTree = "<group>";
		};
/* End PBXVariantGroup section */

/* Begin XCBuildConfiguration section */
		F32997771F04EFF100AAE111 /* Debug */ = {
			isa = XCBuildConfiguration;
			buildSettings = {
				ALWAYS_SEARCH_USER_PATHS = NO;
				CLANG_ANALYZER_NONNULL = YES;
				CLANG_ANALYZER_NUMBER_OBJECT_CONVERSION = YES_AGGRESSIVE;
				CLANG_CXX_LANGUAGE_STANDARD = "gnu++0x";
				CLANG_CXX_LIBRARY = "libc++";
				CLANG_ENABLE_MODULES = YES;
				CLANG_ENABLE_OBJC_ARC = YES;
				CLANG_WARN_BOOL_CONVERSION = YES;
				CLANG_WARN_CONSTANT_CONVERSION = YES;
				CLANG_WARN_DIRECT_OBJC_ISA_USAGE = YES_ERROR;
				CLANG_WARN_DOCUMENTATION_COMMENTS = YES;
				CLANG_WARN_EMPTY_BODY = YES;
				CLANG_WARN_ENUM_CONVERSION = YES;
				CLANG_WARN_INFINITE_RECURSION = YES;
				CLANG_WARN_INT_CONVERSION = YES;
				CLANG_WARN_OBJC_ROOT_CLASS = YES_ERROR;
				CLANG_WARN_SUSPICIOUS_MOVE = YES;
				CLANG_WARN_UNREACHABLE_CODE = YES;
				CLANG_WARN__DUPLICATE_METHOD_MATCH = YES;
				"CODE_SIGN_IDENTITY[sdk=iphoneos*]" = "iPhone Developer";
				COPY_PHASE_STRIP = NO;
				DEBUG_INFORMATION_FORMAT = dwarf;
				ENABLE_STRICT_OBJC_MSGSEND = YES;
				ENABLE_TESTABILITY = YES;
				GCC_C_LANGUAGE_STANDARD = gnu99;
				GCC_DYNAMIC_NO_PIC = NO;
				GCC_NO_COMMON_BLOCKS = YES;
				GCC_OPTIMIZATION_LEVEL = 0;
				GCC_PREPROCESSOR_DEFINITIONS = (
					"DEBUG=1",
					"$(inherited)",
				);
				GCC_WARN_64_TO_32_BIT_CONVERSION = YES;
				GCC_WARN_ABOUT_RETURN_TYPE = YES_ERROR;
				GCC_WARN_UNDECLARED_SELECTOR = YES;
				GCC_WARN_UNINITIALIZED_AUTOS = YES_AGGRESSIVE;
				GCC_WARN_UNUSED_FUNCTION = YES;
				GCC_WARN_UNUSED_VARIABLE = YES;
				IPHONEOS_DEPLOYMENT_TARGET = 10.3;
				MTL_ENABLE_DEBUG_INFO = YES;
				ONLY_ACTIVE_ARCH = YES;
				SDKROOT = iphoneos;
				TARGETED_DEVICE_FAMILY = "1,2";
			};
			name = Debug;
		};
		F32997781F04EFF100AAE111 /* Release */ = {
			isa = XCBuildConfiguration;
			buildSettings = {
				ALWAYS_SEARCH_USER_PATHS = NO;
				CLANG_ANALYZER_NONNULL = YES;
				CLANG_ANALYZER_NUMBER_OBJECT_CONVERSION = YES_AGGRESSIVE;
				CLANG_CXX_LANGUAGE_STANDARD = "gnu++0x";
				CLANG_CXX_LIBRARY = "libc++";
				CLANG_ENABLE_MODULES = YES;
				CLANG_ENABLE_OBJC_ARC = YES;
				CLANG_WARN_BOOL_CONVERSION = YES;
				CLANG_WARN_CONSTANT_CONVERSION = YES;
				CLANG_WARN_DIRECT_OBJC_ISA_USAGE = YES_ERROR;
				CLANG_WARN_DOCUMENTATION_COMMENTS = YES;
				CLANG_WARN_EMPTY_BODY = YES;
				CLANG_WARN_ENUM_CONVERSION = YES;
				CLANG_WARN_INFINITE_RECURSION = YES;
				CLANG_WARN_INT_CONVERSION = YES;
				CLANG_WARN_OBJC_ROOT_CLASS = YES_ERROR;
				CLANG_WARN_SUSPICIOUS_MOVE = YES;
				CLANG_WARN_UNREACHABLE_CODE = YES;
				CLANG_WARN__DUPLICATE_METHOD_MATCH = YES;
				"CODE_SIGN_IDENTITY[sdk=iphoneos*]" = "iPhone Developer";
				COPY_PHASE_STRIP = NO;
				DEBUG_INFORMATION_FORMAT = "dwarf-with-dsym";
				ENABLE_NS_ASSERTIONS = NO;
				ENABLE_STRICT_OBJC_MSGSEND = YES;
				GCC_C_LANGUAGE_STANDARD = gnu99;
				GCC_NO_COMMON_BLOCKS = YES;
				GCC_WARN_64_TO_32_BIT_CONVERSION = YES;
				GCC_WARN_ABOUT_RETURN_TYPE = YES_ERROR;
				GCC_WARN_UNDECLARED_SELECTOR = YES;
				GCC_WARN_UNINITIALIZED_AUTOS = YES_AGGRESSIVE;
				GCC_WARN_UNUSED_FUNCTION = YES;
				GCC_WARN_UNUSED_VARIABLE = YES;
				IPHONEOS_DEPLOYMENT_TARGET = 10.3;
				MTL_ENABLE_DEBUG_INFO = NO;
				SDKROOT = iphoneos;
				TARGETED_DEVICE_FAMILY = "1,2";
				VALIDATE_PRODUCT = YES;
			};
			name = Release;
		};
		F329977A1F04EFF100AAE111 /* Debug */ = {
			isa = XCBuildConfiguration;
			buildSettings = {
				ASSETCATALOG_COMPILER_APPICON_NAME = AppIcon;
				INFOPLIST_FILE = CarthageSupport/Info.plist;
				LD_RUNPATH_SEARCH_PATHS = "$(inherited) @executable_path/Frameworks";
				PRODUCT_BUNDLE_IDENTIFIER = com.mwkj.www.CarthageSupport;
				PRODUCT_NAME = "$(TARGET_NAME)";
			};
			name = Debug;
		};
		F329977B1F04EFF100AAE111 /* Release */ = {
			isa = XCBuildConfiguration;
			buildSettings = {
				ASSETCATALOG_COMPILER_APPICON_NAME = AppIcon;
				INFOPLIST_FILE = CarthageSupport/Info.plist;
				LD_RUNPATH_SEARCH_PATHS = "$(inherited) @executable_path/Frameworks";
				PRODUCT_BUNDLE_IDENTIFIER = com.mwkj.www.CarthageSupport;
				PRODUCT_NAME = "$(TARGET_NAME)";
			};
			name = Release;
		};
		F329977D1F04EFF100AAE111 /* Debug */ = {
			isa = XCBuildConfiguration;
			buildSettings = {
				BUNDLE_LOADER = "$(TEST_HOST)";
				INFOPLIST_FILE = CarthageSupportTests/Info.plist;
				LD_RUNPATH_SEARCH_PATHS = "$(inherited) @executable_path/Frameworks @loader_path/Frameworks";
				PRODUCT_BUNDLE_IDENTIFIER = com.mwkj.www.CarthageSupportTests;
				PRODUCT_NAME = "$(TARGET_NAME)";
				TEST_HOST = "$(BUILT_PRODUCTS_DIR)/CarthageSupport.app/CarthageSupport";
			};
			name = Debug;
		};
		F329977E1F04EFF100AAE111 /* Release */ = {
			isa = XCBuildConfiguration;
			buildSettings = {
				BUNDLE_LOADER = "$(TEST_HOST)";
				INFOPLIST_FILE = CarthageSupportTests/Info.plist;
				LD_RUNPATH_SEARCH_PATHS = "$(inherited) @executable_path/Frameworks @loader_path/Frameworks";
				PRODUCT_BUNDLE_IDENTIFIER = com.mwkj.www.CarthageSupportTests;
				PRODUCT_NAME = "$(TARGET_NAME)";
				TEST_HOST = "$(BUILT_PRODUCTS_DIR)/CarthageSupport.app/CarthageSupport";
			};
			name = Release;
		};
		F32997801F04EFF100AAE111 /* Debug */ = {
			isa = XCBuildConfiguration;
			buildSettings = {
				INFOPLIST_FILE = CarthageSupportUITests/Info.plist;
				LD_RUNPATH_SEARCH_PATHS = "$(inherited) @executable_path/Frameworks @loader_path/Frameworks";
				PRODUCT_BUNDLE_IDENTIFIER = com.mwkj.www.CarthageSupportUITests;
				PRODUCT_NAME = "$(TARGET_NAME)";
				TEST_TARGET_NAME = CarthageSupport;
			};
			name = Debug;
		};
		F32997811F04EFF100AAE111 /* Release */ = {
			isa = XCBuildConfiguration;
			buildSettings = {
				INFOPLIST_FILE = CarthageSupportUITests/Info.plist;
				LD_RUNPATH_SEARCH_PATHS = "$(inherited) @executable_path/Frameworks @loader_path/Frameworks";
				PRODUCT_BUNDLE_IDENTIFIER = com.mwkj.www.CarthageSupportUITests;
				PRODUCT_NAME = "$(TARGET_NAME)";
				TEST_TARGET_NAME = CarthageSupport;
			};
			name = Release;
		};
		F32997AB1F04F27300AAE111 /* Debug */ = {
			isa = XCBuildConfiguration;
			buildSettings = {
				CODE_SIGN_IDENTITY = "";
				CURRENT_PROJECT_VERSION = 1;
				DEFINES_MODULE = YES;
				DYLIB_COMPATIBILITY_VERSION = 1;
				DYLIB_CURRENT_VERSION = 1;
				DYLIB_INSTALL_NAME_BASE = "@rpath";
				INFOPLIST_FILE = JKViewFrameFramework/Info.plist;
				INSTALL_PATH = "$(LOCAL_LIBRARY_DIR)/Frameworks";
				LD_RUNPATH_SEARCH_PATHS = "$(inherited) @executable_path/Frameworks @loader_path/Frameworks";
				OTHER_CFLAGS = "-fembed-bitcode";
				OTHER_LDFLAGS = "-all_load";
				PRODUCT_BUNDLE_IDENTIFIER = com.mwkj.www.JKViewFrameFramework;
				PRODUCT_MODULE_NAME = JKViewFrame;
				PRODUCT_NAME = JKViewFrame;
				SKIP_INSTALL = YES;
				VERSIONING_SYSTEM = "apple-generic";
				VERSION_INFO_PREFIX = "";
			};
			name = Debug;
		};
		F32997AC1F04F27300AAE111 /* Release */ = {
			isa = XCBuildConfiguration;
			buildSettings = {
				CODE_SIGN_IDENTITY = "";
				CURRENT_PROJECT_VERSION = 1;
				DEFINES_MODULE = YES;
				DYLIB_COMPATIBILITY_VERSION = 1;
				DYLIB_CURRENT_VERSION = 1;
				DYLIB_INSTALL_NAME_BASE = "@rpath";
				INFOPLIST_FILE = JKViewFrameFramework/Info.plist;
				INSTALL_PATH = "$(LOCAL_LIBRARY_DIR)/Frameworks";
				LD_RUNPATH_SEARCH_PATHS = "$(inherited) @executable_path/Frameworks @loader_path/Frameworks";
				OTHER_CFLAGS = "-fembed-bitcode";
				OTHER_LDFLAGS = "-all_load";
				PRODUCT_BUNDLE_IDENTIFIER = com.mwkj.www.JKViewFrameFramework;
				PRODUCT_MODULE_NAME = JKViewFrame;
				PRODUCT_NAME = JKViewFrame;
				SKIP_INSTALL = YES;
				VERSIONING_SYSTEM = "apple-generic";
				VERSION_INFO_PREFIX = "";
			};
			name = Release;
		};
		F32997AF1F04F27300AAE111 /* Debug */ = {
			isa = XCBuildConfiguration;
			buildSettings = {
				INFOPLIST_FILE = JKViewFrameFrameworkTests/Info.plist;
				LD_RUNPATH_SEARCH_PATHS = "$(inherited) @executable_path/Frameworks @loader_path/Frameworks";
				PRODUCT_BUNDLE_IDENTIFIER = com.mwkj.www.JKViewFrameFrameworkTests;
				PRODUCT_NAME = "$(TARGET_NAME)";
				TEST_HOST = "$(BUILT_PRODUCTS_DIR)/CarthageSupport.app/CarthageSupport";
			};
			name = Debug;
		};
		F32997B01F04F27300AAE111 /* Release */ = {
			isa = XCBuildConfiguration;
			buildSettings = {
				INFOPLIST_FILE = JKViewFrameFrameworkTests/Info.plist;
				LD_RUNPATH_SEARCH_PATHS = "$(inherited) @executable_path/Frameworks @loader_path/Frameworks";
				PRODUCT_BUNDLE_IDENTIFIER = com.mwkj.www.JKViewFrameFrameworkTests;
				PRODUCT_NAME = "$(TARGET_NAME)";
				TEST_HOST = "$(BUILT_PRODUCTS_DIR)/CarthageSupport.app/CarthageSupport";
			};
			name = Release;
		};
/* End XCBuildConfiguration section */

/* Begin XCConfigurationList section */
		F32997471F04EFF100AAE111 /* Build configuration list for PBXProject "CarthageSupport" */ = {
			isa = XCConfigurationList;
			buildConfigurations = (
				F32997771F04EFF100AAE111 /* Debug */,
				F32997781F04EFF100AAE111 /* Release */,
			);
			defaultConfigurationIsVisible = 0;
			defaultConfigurationName = Release;
		};
		F32997791F04EFF100AAE111 /* Build configuration list for PBXNativeTarget "CarthageSupport" */ = {
			isa = XCConfigurationList;
			buildConfigurations = (
				F329977A1F04EFF100AAE111 /* Debug */,
				F329977B1F04EFF100AAE111 /* Release */,
			);
			defaultConfigurationIsVisible = 0;
			defaultConfigurationName = Release;
		};
		F329977C1F04EFF100AAE111 /* Build configuration list for PBXNativeTarget "CarthageSupportTests" */ = {
			isa = XCConfigurationList;
			buildConfigurations = (
				F329977D1F04EFF100AAE111 /* Debug */,
				F329977E1F04EFF100AAE111 /* Release */,
			);
			defaultConfigurationIsVisible = 0;
			defaultConfigurationName = Release;
		};
		F329977F1F04EFF100AAE111 /* Build configuration list for PBXNativeTarget "CarthageSupportUITests" */ = {
			isa = XCConfigurationList;
			buildConfigurations = (
				F32997801F04EFF100AAE111 /* Debug */,
				F32997811F04EFF100AAE111 /* Release */,
			);
			defaultConfigurationIsVisible = 0;
			defaultConfigurationName = Release;
		};
		F32997AA1F04F27300AAE111 /* Build configuration list for PBXNativeTarget "JKViewFrameFramework" */ = {
			isa = XCConfigurationList;
			buildConfigurations = (
				F32997AB1F04F27300AAE111 /* Debug */,
				F32997AC1F04F27300AAE111 /* Release */,
			);
			defaultConfigurationIsVisible = 0;
			defaultConfigurationName = Release;
		};
		F32997AE1F04F27300AAE111 /* Build configuration list for PBXNativeTarget "JKViewFrameFrameworkTests" */ = {
			isa = XCConfigurationList;
			buildConfigurations = (
				F32997AF1F04F27300AAE111 /* Debug */,
				F32997B01F04F27300AAE111 /* Release */,
			);
			defaultConfigurationIsVisible = 0;
			defaultConfigurationName = Release;
		};
/* End XCConfigurationList section */
	};
	rootObject = F32997441F04EFF100AAE111 /* Project object */;
}
